{
  "nodes": {
    "nixpkgs": {
      "locked": {
        "lastModified": 1713042715,
        "narHash": "sha256-RifMwYuKu5v6x6O65msKDTqKkQ9crGwOB7yr20qMEuE=",
        "owner": "NixOS",
        "repo": "nixpkgs",
        "rev": "c27f3b6d8e29346af16eecc0e9d54b1071eae27e",
        "type": "github"
      },
      "original": {
        "owner": "NixOS",
        "ref": "nixpkgs-23.11-darwin",
        "repo": "nixpkgs",
        "type": "github"
      }
    },
    "root": {
      "inputs": {
        "nixpkgs": "nixpkgs"
      }
    }
  },
  "root": "root",
  "version": 7
}
